// !$*UTF8*$!
{
	archiveVersion = 1;
	classes = {
	};
	objectVersion = 63;
	objects = {

/* Begin PBXBuildFile section */
		EF7A8B6F2D4DD4EA00A8FB16 /* EventLogView.swift in Sources */ = {isa = PBXBuildFile; fileRef = EF7A8B6E2D4DD4EA00A8FB16 /* EventLogView.swift */; };
		EF7A8B782D4DE66500A8FB16 /* DateFormatter.swift in Sources */ = {isa = PBXBuildFile; fileRef = EF7A8B772D4DE66100A8FB16 /* DateFormatter.swift */; };
		EF7A8B7B2D4E1A0600A8FB16 /* TapsViewModelTests.swift in Sources */ = {isa = PBXBuildFile; fileRef = EF7A8B7A2D4E19FE00A8FB16 /* TapsViewModelTests.swift */; };
		EF7A8B7E2D4E1A6E00A8FB16 /* MockTapRepository.swift in Sources */ = {isa = PBXBuildFile; fileRef = EF7A8B7D2D4E1A6800A8FB16 /* MockTapRepository.swift */; };
		EF7A8B802D4E1C0F00A8FB16 /*  MockError.swift in Sources */ = {isa = PBXBuildFile; fileRef = EF7A8B7F2D4E1C0900A8FB16 /*  MockError.swift */; };
		EF7A8B842D4E47E200A8FB16 /* LogsViewModelTests.swift in Sources */ = {isa = PBXBuildFile; fileRef = EF7A8B832D4E47D600A8FB16 /* LogsViewModelTests.swift */; };
		EF7A8B862D4E48B900A8FB16 /* MockLogProvider.swift in Sources */ = {isa = PBXBuildFile; fileRef = EF7A8B852D4E48B000A8FB16 /* MockLogProvider.swift */; };
		EF7A8B892D4E526100A8FB16 /* InFileTapRepositoryTests.swift in Sources */ = {isa = PBXBuildFile; fileRef = EF7A8B882D4E524F00A8FB16 /* InFileTapRepositoryTests.swift */; };
		EFBB92B12D4AC4F60081CEA5 /* ContentView.swift in Sources */ = {isa = PBXBuildFile; fileRef = EFBB92AE2D4AC4F60081CEA5 /* ContentView.swift */; };
		EFBB92B22D4AC4F60081CEA5 /* TapLoggerApp.swift in Sources */ = {isa = PBXBuildFile; fileRef = EFBB92AF2D4AC4F60081CEA5 /* TapLoggerApp.swift */; };
		EFBB92B32D4AC4F60081CEA5 /* Preview Assets.xcassets in Resources */ = {isa = PBXBuildFile; fileRef = EFBB92AB2D4AC4F60081CEA5 /* Preview Assets.xcassets */; };
		EFBB92B42D4AC4F60081CEA5 /* Assets.xcassets in Resources */ = {isa = PBXBuildFile; fileRef = EFBB92AD2D4AC4F60081CEA5 /* Assets.xcassets */; };
		EFC9AF652D4D2B9B00E90D5C /* TapsView.swift in Sources */ = {isa = PBXBuildFile; fileRef = EFC9AF642D4D2B9B00E90D5C /* TapsView.swift */; };
		EFC9AF672D4D2BB500E90D5C /* LogsView.swift in Sources */ = {isa = PBXBuildFile; fileRef = EFC9AF662D4D2BB500E90D5C /* LogsView.swift */; };
		EFC9AF6B2D4D30D100E90D5C /* ButtonView.swift in Sources */ = {isa = PBXBuildFile; fileRef = EFC9AF6A2D4D30D100E90D5C /* ButtonView.swift */; };
		EFC9AF6D2D4D390800E90D5C /* TapsViewModel.swift in Sources */ = {isa = PBXBuildFile; fileRef = EFC9AF6C2D4D390800E90D5C /* TapsViewModel.swift */; };
		EFC9AF722D4D3A3000E90D5C /* LogService.swift in Sources */ = {isa = PBXBuildFile; fileRef = EFC9AF712D4D3A2B00E90D5C /* LogService.swift */; };
		EFC9AF742D4D3B5E00E90D5C /* LogOperation.swift in Sources */ = {isa = PBXBuildFile; fileRef = EFC9AF732D4D3B5600E90D5C /* LogOperation.swift */; };
		EFC9AF772D4D3C4500E90D5C /* Event.swift in Sources */ = {isa = PBXBuildFile; fileRef = EFC9AF762D4D3C1E00E90D5C /* Event.swift */; };
		EFC9AF7C2D4D3CED00E90D5C /* Constant.swift in Sources */ = {isa = PBXBuildFile; fileRef = EFC9AF7B2D4D3CED00E90D5C /* Constant.swift */; };
		EFC9AF7E2D4D3D7200E90D5C /* LogError.swift in Sources */ = {isa = PBXBuildFile; fileRef = EFC9AF7D2D4D3D7200E90D5C /* LogError.swift */; };
		EFC9AF802D4D41DF00E90D5C /* InFileTapRepository.swift in Sources */ = {isa = PBXBuildFile; fileRef = EFC9AF7F2D4D41DF00E90D5C /* InFileTapRepository.swift */; };
		EFC9AF852D4D6AFD00E90D5C /* LogsViewModel.swift in Sources */ = {isa = PBXBuildFile; fileRef = EFC9AF842D4D6AF400E90D5C /* LogsViewModel.swift */; };
/* End PBXBuildFile section */

/* Begin PBXContainerItemProxy section */
		EF79CE2A2D4AC4BF0073BFE4 /* PBXContainerItemProxy */ = {
			isa = PBXContainerItemProxy;
			containerPortal = EF79CE112D4AC4BD0073BFE4 /* Project object */;
			proxyType = 1;
			remoteGlobalIDString = EF79CE182D4AC4BD0073BFE4;
			remoteInfo = TapLogger;
		};
/* End PBXContainerItemProxy section */

/* Begin PBXFileReference section */
		EF79CE192D4AC4BD0073BFE4 /* TapLogger.app */ = {isa = PBXFileReference; explicitFileType = wrapper.application; includeInIndex = 0; path = TapLogger.app; sourceTree = BUILT_PRODUCTS_DIR; };
		EF79CE292D4AC4BF0073BFE4 /* TapLoggerTests.xctest */ = {isa = PBXFileReference; explicitFileType = wrapper.cfbundle; includeInIndex = 0; path = TapLoggerTests.xctest; sourceTree = BUILT_PRODUCTS_DIR; };
		EF7A8B6E2D4DD4EA00A8FB16 /* EventLogView.swift */ = {isa = PBXFileReference; lastKnownFileType = sourcecode.swift; path = EventLogView.swift; sourceTree = "<group>"; };
		EF7A8B772D4DE66100A8FB16 /* DateFormatter.swift */ = {isa = PBXFileReference; lastKnownFileType = sourcecode.swift; path = DateFormatter.swift; sourceTree = "<group>"; };
		EF7A8B7A2D4E19FE00A8FB16 /* TapsViewModelTests.swift */ = {isa = PBXFileReference; lastKnownFileType = sourcecode.swift; path = TapsViewModelTests.swift; sourceTree = "<group>"; };
		EF7A8B7D2D4E1A6800A8FB16 /* MockTapRepository.swift */ = {isa = PBXFileReference; lastKnownFileType = sourcecode.swift; path = MockTapRepository.swift; sourceTree = "<group>"; };
		EF7A8B7F2D4E1C0900A8FB16 /*  MockError.swift */ = {isa = PBXFileReference; lastKnownFileType = sourcecode.swift; path = " MockError.swift"; sourceTree = "<group>"; };
		EF7A8B832D4E47D600A8FB16 /* LogsViewModelTests.swift */ = {isa = PBXFileReference; lastKnownFileType = sourcecode.swift; path = LogsViewModelTests.swift; sourceTree = "<group>"; };
		EF7A8B852D4E48B000A8FB16 /* MockLogProvider.swift */ = {isa = PBXFileReference; lastKnownFileType = sourcecode.swift; path = MockLogProvider.swift; sourceTree = "<group>"; };
		EF7A8B872D4E506E00A8FB16 /* TapLoggerTests.xctestplan */ = {isa = PBXFileReference; lastKnownFileType = text; path = TapLoggerTests.xctestplan; sourceTree = "<group>"; };
		EF7A8B882D4E524F00A8FB16 /* InFileTapRepositoryTests.swift */ = {isa = PBXFileReference; lastKnownFileType = sourcecode.swift; path = InFileTapRepositoryTests.swift; sourceTree = "<group>"; };
		EFBB92AB2D4AC4F60081CEA5 /* Preview Assets.xcassets */ = {isa = PBXFileReference; lastKnownFileType = folder.assetcatalog; path = "Preview Assets.xcassets"; sourceTree = "<group>"; };
		EFBB92AD2D4AC4F60081CEA5 /* Assets.xcassets */ = {isa = PBXFileReference; lastKnownFileType = folder.assetcatalog; path = Assets.xcassets; sourceTree = "<group>"; };
		EFBB92AE2D4AC4F60081CEA5 /* ContentView.swift */ = {isa = PBXFileReference; lastKnownFileType = sourcecode.swift; path = ContentView.swift; sourceTree = "<group>"; };
		EFBB92AF2D4AC4F60081CEA5 /* TapLoggerApp.swift */ = {isa = PBXFileReference; lastKnownFileType = sourcecode.swift; path = TapLoggerApp.swift; sourceTree = "<group>"; };
		EFC9AF642D4D2B9B00E90D5C /* TapsView.swift */ = {isa = PBXFileReference; lastKnownFileType = sourcecode.swift; path = TapsView.swift; sourceTree = "<group>"; };
		EFC9AF662D4D2BB500E90D5C /* LogsView.swift */ = {isa = PBXFileReference; lastKnownFileType = sourcecode.swift; path = LogsView.swift; sourceTree = "<group>"; };
		EFC9AF6A2D4D30D100E90D5C /* ButtonView.swift */ = {isa = PBXFileReference; lastKnownFileType = sourcecode.swift; path = ButtonView.swift; sourceTree = "<group>"; };
		EFC9AF6C2D4D390800E90D5C /* TapsViewModel.swift */ = {isa = PBXFileReference; lastKnownFileType = sourcecode.swift; path = TapsViewModel.swift; sourceTree = "<group>"; };
		EFC9AF712D4D3A2B00E90D5C /* LogService.swift */ = {isa = PBXFileReference; lastKnownFileType = sourcecode.swift; path = LogService.swift; sourceTree = "<group>"; };
		EFC9AF732D4D3B5600E90D5C /* LogOperation.swift */ = {isa = PBXFileReference; lastKnownFileType = sourcecode.swift; path = LogOperation.swift; sourceTree = "<group>"; };
		EFC9AF762D4D3C1E00E90D5C /* Event.swift */ = {isa = PBXFileReference; lastKnownFileType = sourcecode.swift; path = Event.swift; sourceTree = "<group>"; };
		EFC9AF7B2D4D3CED00E90D5C /* Constant.swift */ = {isa = PBXFileReference; lastKnownFileType = sourcecode.swift; path = Constant.swift; sourceTree = "<group>"; };
		EFC9AF7D2D4D3D7200E90D5C /* LogError.swift */ = {isa = PBXFileReference; lastKnownFileType = sourcecode.swift; path = LogError.swift; sourceTree = "<group>"; };
		EFC9AF7F2D4D41DF00E90D5C /* InFileTapRepository.swift */ = {isa = PBXFileReference; lastKnownFileType = sourcecode.swift; path = InFileTapRepository.swift; sourceTree = "<group>"; };
		EFC9AF842D4D6AF400E90D5C /* LogsViewModel.swift */ = {isa = PBXFileReference; lastKnownFileType = sourcecode.swift; path = LogsViewModel.swift; sourceTree = "<group>"; };
/* End PBXFileReference section */

/* Begin PBXFrameworksBuildPhase section */
		EF79CE162D4AC4BD0073BFE4 /* Frameworks */ = {
			isa = PBXFrameworksBuildPhase;
			buildActionMask = 2147483647;
			files = (
			);
			runOnlyForDeploymentPostprocessing = 0;
		};
		EF79CE262D4AC4BF0073BFE4 /* Frameworks */ = {
			isa = PBXFrameworksBuildPhase;
			buildActionMask = 2147483647;
			files = (
			);
			runOnlyForDeploymentPostprocessing = 0;
		};
/* End PBXFrameworksBuildPhase section */

/* Begin PBXGroup section */
		EF79CE102D4AC4BD0073BFE4 = {
			isa = PBXGroup;
			children = (
				EFBB92B02D4AC4F60081CEA5 /* TapLogger */,
				EFBB92B62D4AC4F90081CEA5 /* TapLoggerTests */,
				EF79CE1A2D4AC4BD0073BFE4 /* Products */,
			);
			sourceTree = "<group>";
		};
		EF79CE1A2D4AC4BD0073BFE4 /* Products */ = {
			isa = PBXGroup;
			children = (
				EF79CE192D4AC4BD0073BFE4 /* TapLogger.app */,
				EF79CE292D4AC4BF0073BFE4 /* TapLoggerTests.xctest */,
			);
			name = Products;
			sourceTree = "<group>";
		};
		EF7A8B762D4DE65600A8FB16 /* Helpers */ = {
			isa = PBXGroup;
			children = (
				EF7A8B772D4DE66100A8FB16 /* DateFormatter.swift */,
			);
			path = Helpers;
			sourceTree = "<group>";
		};
		EF7A8B792D4E19F500A8FB16 /* Modules */ = {
			isa = PBXGroup;
			children = (
				EF7A8B822D4E47A300A8FB16 /* Logs */,
				EF7A8B812D4E476600A8FB16 /* Taps */,
			);
			path = Modules;
			sourceTree = "<group>";
		};
		EF7A8B7C2D4E1A6000A8FB16 /* Common Mocks */ = {
			isa = PBXGroup;
			children = (
				EF7A8B852D4E48B000A8FB16 /* MockLogProvider.swift */,
				EF7A8B7F2D4E1C0900A8FB16 /*  MockError.swift */,
				EF7A8B7D2D4E1A6800A8FB16 /* MockTapRepository.swift */,
			);
			path = "Common Mocks";
			sourceTree = "<group>";
		};
		EF7A8B812D4E476600A8FB16 /* Taps */ = {
			isa = PBXGroup;
			children = (
				EF7A8B882D4E524F00A8FB16 /* InFileTapRepositoryTests.swift */,
				EF7A8B7A2D4E19FE00A8FB16 /* TapsViewModelTests.swift */,
			);
			path = Taps;
			sourceTree = "<group>";
		};
		EF7A8B822D4E47A300A8FB16 /* Logs */ = {
			isa = PBXGroup;
			children = (
				EF7A8B832D4E47D600A8FB16 /* LogsViewModelTests.swift */,
			);
			path = Logs;
			sourceTree = "<group>";
		};
		EFBB92AC2D4AC4F60081CEA5 /* Preview Content */ = {
			isa = PBXGroup;
			children = (
				EFBB92AB2D4AC4F60081CEA5 /* Preview Assets.xcassets */,
			);
			path = "Preview Content";
			sourceTree = "<group>";
		};
		EFBB92B02D4AC4F60081CEA5 /* TapLogger */ = {
			isa = PBXGroup;
			children = (
				EF7A8B762D4DE65600A8FB16 /* Helpers */,
				EFBB92AC2D4AC4F60081CEA5 /* Preview Content */,
				EFC9AF782D4D3CC300E90D5C /* Common */,
				EFC9AF752D4D3C0700E90D5C /* Models */,
				EFC9AF6F2D4D39D000E90D5C /* Services */,
				EFC9AF692D4D30A900E90D5C /* Views */,
				EFC9AF622D4D2A9B00E90D5C /* Modules */,
				EFBB92AE2D4AC4F60081CEA5 /* ContentView.swift */,
			);
			path = TapLogger;
			sourceTree = "<group>";
		};
		EFBB92B62D4AC4F90081CEA5 /* TapLoggerTests */ = {
			isa = PBXGroup;
			children = (
				EF7A8B872D4E506E00A8FB16 /* TapLoggerTests.xctestplan */,
				EF7A8B7C2D4E1A6000A8FB16 /* Common Mocks */,
				EF7A8B792D4E19F500A8FB16 /* Modules */,
			);
			path = TapLoggerTests;
			sourceTree = "<group>";
		};
		EFC9AF622D4D2A9B00E90D5C /* Modules */ = {
			isa = PBXGroup;
			children = (
				EFC9AF682D4D2BBC00E90D5C /* Logs */,
				EFC9AF632D4D2AA400E90D5C /* Taps */,
			);
			path = Modules;
			sourceTree = "<group>";
		};
		EFC9AF632D4D2AA400E90D5C /* Taps */ = {
			isa = PBXGroup;
			children = (
				EFC9AF7F2D4D41DF00E90D5C /* InFileTapRepository.swift */,
				EFC9AF642D4D2B9B00E90D5C /* TapsView.swift */,
				EFC9AF6C2D4D390800E90D5C /* TapsViewModel.swift */,
			);
			path = Taps;
			sourceTree = "<group>";
		};
		EFC9AF682D4D2BBC00E90D5C /* Logs */ = {
			isa = PBXGroup;
			children = (
				EFC9AF842D4D6AF400E90D5C /* LogsViewModel.swift */,
				EFC9AF662D4D2BB500E90D5C /* LogsView.swift */,
			);
			path = Logs;
			sourceTree = "<group>";
		};
		EFC9AF692D4D30A900E90D5C /* Views */ = {
			isa = PBXGroup;
			children = (
				EFC9AF6A2D4D30D100E90D5C /* ButtonView.swift */,
				EF7A8B6E2D4DD4EA00A8FB16 /* EventLogView.swift */,
			);
			path = Views;
			sourceTree = "<group>";
		};
		EFC9AF6F2D4D39D000E90D5C /* Services */ = {
			isa = PBXGroup;
			children = (
				EFC9AF702D4D39DA00E90D5C /* LogService */,
			);
			path = Services;
			sourceTree = "<group>";
		};
		EFC9AF702D4D39DA00E90D5C /* LogService */ = {
			isa = PBXGroup;
			children = (
				EFC9AF7D2D4D3D7200E90D5C /* LogError.swift */,
				EFC9AF732D4D3B5600E90D5C /* LogOperation.swift */,
				EFC9AF712D4D3A2B00E90D5C /* LogService.swift */,
			);
			path = LogService;
			sourceTree = "<group>";
		};
		EFC9AF752D4D3C0700E90D5C /* Models */ = {
			isa = PBXGroup;
			children = (
				EFC9AF762D4D3C1E00E90D5C /* Event.swift */,
			);
			path = Models;
			sourceTree = "<group>";
		};
		EFC9AF782D4D3CC300E90D5C /* Common */ = {
			isa = PBXGroup;
			children = (
				EFC9AF7B2D4D3CED00E90D5C /* Constant.swift */,
				EFBB92AD2D4AC4F60081CEA5 /* Assets.xcassets */,
				EFBB92AF2D4AC4F60081CEA5 /* TapLoggerApp.swift */,
			);
			path = Common;
			sourceTree = "<group>";
		};
/* End PBXGroup section */

/* Begin PBXNativeTarget section */
		EF79CE182D4AC4BD0073BFE4 /* TapLogger */ = {
			isa = PBXNativeTarget;
			buildConfigurationList = EF79CE3D2D4AC4BF0073BFE4 /* Build configuration list for PBXNativeTarget "TapLogger" */;
			buildPhases = (
				EF79CE152D4AC4BD0073BFE4 /* Sources */,
				EF79CE162D4AC4BD0073BFE4 /* Frameworks */,
				EF79CE172D4AC4BD0073BFE4 /* Resources */,
			);
			buildRules = (
			);
			dependencies = (
			);
			name = TapLogger;
			packageProductDependencies = (
			);
			productName = TapLogger;
			productReference = EF79CE192D4AC4BD0073BFE4 /* TapLogger.app */;
			productType = "com.apple.product-type.application";
		};
		EF79CE282D4AC4BF0073BFE4 /* TapLoggerTests */ = {
			isa = PBXNativeTarget;
			buildConfigurationList = EF79CE402D4AC4BF0073BFE4 /* Build configuration list for PBXNativeTarget "TapLoggerTests" */;
			buildPhases = (
				EF79CE252D4AC4BF0073BFE4 /* Sources */,
				EF79CE262D4AC4BF0073BFE4 /* Frameworks */,
				EF79CE272D4AC4BF0073BFE4 /* Resources */,
			);
			buildRules = (
			);
			dependencies = (
				EF79CE2B2D4AC4BF0073BFE4 /* PBXTargetDependency */,
			);
			name = TapLoggerTests;
			packageProductDependencies = (
			);
			productName = TapLoggerTests;
			productReference = EF79CE292D4AC4BF0073BFE4 /* TapLoggerTests.xctest */;
			productType = "com.apple.product-type.bundle.unit-test";
		};
/* End PBXNativeTarget section */

/* Begin PBXProject section */
		EF79CE112D4AC4BD0073BFE4 /* Project object */ = {
			isa = PBXProject;
			attributes = {
				BuildIndependentTargetsInParallel = 1;
				LastSwiftUpdateCheck = 1620;
				LastUpgradeCheck = 1620;
				TargetAttributes = {
					EF79CE182D4AC4BD0073BFE4 = {
						CreatedOnToolsVersion = 16.2;
					};
					EF79CE282D4AC4BF0073BFE4 = {
						CreatedOnToolsVersion = 16.2;
						TestTargetID = EF79CE182D4AC4BD0073BFE4;
					};
				};
			};
			buildConfigurationList = EF79CE142D4AC4BD0073BFE4 /* Build configuration list for PBXProject "TapLogger" */;
			compatibilityVersion = "Xcode 15.3";
			developmentRegion = en;
			hasScannedForEncodings = 0;
			knownRegions = (
				en,
				Base,
			);
			mainGroup = EF79CE102D4AC4BD0073BFE4;
			minimizedProjectReferenceProxies = 1;
			productRefGroup = EF79CE1A2D4AC4BD0073BFE4 /* Products */;
			projectDirPath = "";
			projectRoot = "";
			targets = (
				EF79CE182D4AC4BD0073BFE4 /* TapLogger */,
				EF79CE282D4AC4BF0073BFE4 /* TapLoggerTests */,
			);
		};
/* End PBXProject section */

/* Begin PBXResourcesBuildPhase section */
		EF79CE172D4AC4BD0073BFE4 /* Resources */ = {
			isa = PBXResourcesBuildPhase;
			buildActionMask = 2147483647;
			files = (
				EFBB92B32D4AC4F60081CEA5 /* Preview Assets.xcassets in Resources */,
				EFBB92B42D4AC4F60081CEA5 /* Assets.xcassets in Resources */,
			);
			runOnlyForDeploymentPostprocessing = 0;
		};
		EF79CE272D4AC4BF0073BFE4 /* Resources */ = {
			isa = PBXResourcesBuildPhase;
			buildActionMask = 2147483647;
			files = (
			);
			runOnlyForDeploymentPostprocessing = 0;
		};
/* End PBXResourcesBuildPhase section */

/* Begin PBXSourcesBuildPhase section */
		EF79CE152D4AC4BD0073BFE4 /* Sources */ = {
			isa = PBXSourcesBuildPhase;
			buildActionMask = 2147483647;
			files = (
				EFC9AF742D4D3B5E00E90D5C /* LogOperation.swift in Sources */,
				EFC9AF652D4D2B9B00E90D5C /* TapsView.swift in Sources */,
				EFC9AF672D4D2BB500E90D5C /* LogsView.swift in Sources */,
				EFC9AF6D2D4D390800E90D5C /* TapsViewModel.swift in Sources */,
				EFC9AF772D4D3C4500E90D5C /* Event.swift in Sources */,
				EFC9AF6B2D4D30D100E90D5C /* ButtonView.swift in Sources */,
				EFC9AF7E2D4D3D7200E90D5C /* LogError.swift in Sources */,
				EFC9AF852D4D6AFD00E90D5C /* LogsViewModel.swift in Sources */,
				EF7A8B6F2D4DD4EA00A8FB16 /* EventLogView.swift in Sources */,
				EF7A8B782D4DE66500A8FB16 /* DateFormatter.swift in Sources */,
				EFBB92B12D4AC4F60081CEA5 /* ContentView.swift in Sources */,
				EFC9AF7C2D4D3CED00E90D5C /* Constant.swift in Sources */,
				EFC9AF802D4D41DF00E90D5C /* InFileTapRepository.swift in Sources */,
				EFC9AF722D4D3A3000E90D5C /* LogService.swift in Sources */,
				EFBB92B22D4AC4F60081CEA5 /* TapLoggerApp.swift in Sources */,
			);
			runOnlyForDeploymentPostprocessing = 0;
		};
		EF79CE252D4AC4BF0073BFE4 /* Sources */ = {
			isa = PBXSourcesBuildPhase;
			buildActionMask = 2147483647;
			files = (
				EF7A8B862D4E48B900A8FB16 /* MockLogProvider.swift in Sources */,
				EF7A8B7B2D4E1A0600A8FB16 /* TapsViewModelTests.swift in Sources */,
				EF7A8B7E2D4E1A6E00A8FB16 /* MockTapRepository.swift in Sources */,
				EF7A8B802D4E1C0F00A8FB16 /*  MockError.swift in Sources */,
				EF7A8B892D4E526100A8FB16 /* InFileTapRepositoryTests.swift in Sources */,
				EF7A8B842D4E47E200A8FB16 /* LogsViewModelTests.swift in Sources */,
			);
			runOnlyForDeploymentPostprocessing = 0;
		};
/* End PBXSourcesBuildPhase section */

/* Begin PBXTargetDependency section */
		EF79CE2B2D4AC4BF0073BFE4 /* PBXTargetDependency */ = {
			isa = PBXTargetDependency;
			target = EF79CE182D4AC4BD0073BFE4 /* TapLogger */;
			targetProxy = EF79CE2A2D4AC4BF0073BFE4 /* PBXContainerItemProxy */;
		};
/* End PBXTargetDependency section */

/* Begin XCBuildConfiguration section */
		EF79CE3B2D4AC4BF0073BFE4 /* Debug */ = {
			isa = XCBuildConfiguration;
			buildSettings = {
				ALWAYS_SEARCH_USER_PATHS = NO;
				ASSETCATALOG_COMPILER_GENERATE_SWIFT_ASSET_SYMBOL_EXTENSIONS = YES;
				CLANG_ANALYZER_NONNULL = YES;
				CLANG_ANALYZER_NUMBER_OBJECT_CONVERSION = YES_AGGRESSIVE;
				CLANG_CXX_LANGUAGE_STANDARD = "gnu++20";
				CLANG_ENABLE_MODULES = YES;
				CLANG_ENABLE_OBJC_ARC = YES;
				CLANG_ENABLE_OBJC_WEAK = YES;
				CLANG_WARN_BLOCK_CAPTURE_AUTORELEASING = YES;
				CLANG_WARN_BOOL_CONVERSION = YES;
				CLANG_WARN_COMMA = YES;
				CLANG_WARN_CONSTANT_CONVERSION = YES;
				CLANG_WARN_DEPRECATED_OBJC_IMPLEMENTATIONS = YES;
				CLANG_WARN_DIRECT_OBJC_ISA_USAGE = YES_ERROR;
				CLANG_WARN_DOCUMENTATION_COMMENTS = YES;
				CLANG_WARN_EMPTY_BODY = YES;
				CLANG_WARN_ENUM_CONVERSION = YES;
				CLANG_WARN_INFINITE_RECURSION = YES;
				CLANG_WARN_INT_CONVERSION = YES;
				CLANG_WARN_NON_LITERAL_NULL_CONVERSION = YES;
				CLANG_WARN_OBJC_IMPLICIT_RETAIN_SELF = YES;
				CLANG_WARN_OBJC_LITERAL_CONVERSION = YES;
				CLANG_WARN_OBJC_ROOT_CLASS = YES_ERROR;
				CLANG_WARN_QUOTED_INCLUDE_IN_FRAMEWORK_HEADER = YES;
				CLANG_WARN_RANGE_LOOP_ANALYSIS = YES;
				CLANG_WARN_STRICT_PROTOTYPES = YES;
				CLANG_WARN_SUSPICIOUS_MOVE = YES;
				CLANG_WARN_UNGUARDED_AVAILABILITY = YES_AGGRESSIVE;
				CLANG_WARN_UNREACHABLE_CODE = YES;
				CLANG_WARN__DUPLICATE_METHOD_MATCH = YES;
				COPY_PHASE_STRIP = NO;
				DEBUG_INFORMATION_FORMAT = dwarf;
				ENABLE_STRICT_OBJC_MSGSEND = YES;
				ENABLE_TESTABILITY = YES;
				ENABLE_USER_SCRIPT_SANDBOXING = YES;
				GCC_C_LANGUAGE_STANDARD = gnu17;
				GCC_DYNAMIC_NO_PIC = NO;
				GCC_NO_COMMON_BLOCKS = YES;
				GCC_OPTIMIZATION_LEVEL = 0;
				GCC_PREPROCESSOR_DEFINITIONS = (
					"DEBUG=1",
					"$(inherited)",
				);
				GCC_WARN_64_TO_32_BIT_CONVERSION = YES;
				GCC_WARN_ABOUT_RETURN_TYPE = YES_ERROR;
				GCC_WARN_UNDECLARED_SELECTOR = YES;
				GCC_WARN_UNINITIALIZED_AUTOS = YES_AGGRESSIVE;
				GCC_WARN_UNUSED_FUNCTION = YES;
				GCC_WARN_UNUSED_VARIABLE = YES;
				IPHONEOS_DEPLOYMENT_TARGET = 18.2;
				LOCALIZATION_PREFERS_STRING_CATALOGS = YES;
				MTL_ENABLE_DEBUG_INFO = INCLUDE_SOURCE;
				MTL_FAST_MATH = YES;
				ONLY_ACTIVE_ARCH = YES;
				SDKROOT = iphoneos;
				SWIFT_ACTIVE_COMPILATION_CONDITIONS = "DEBUG $(inherited)";
				SWIFT_OPTIMIZATION_LEVEL = "-Onone";
			};
			name = Debug;
		};
		EF79CE3C2D4AC4BF0073BFE4 /* Release */ = {
			isa = XCBuildConfiguration;
			buildSettings = {
				ALWAYS_SEARCH_USER_PATHS = NO;
				ASSETCATALOG_COMPILER_GENERATE_SWIFT_ASSET_SYMBOL_EXTENSIONS = YES;
				CLANG_ANALYZER_NONNULL = YES;
				CLANG_ANALYZER_NUMBER_OBJECT_CONVERSION = YES_AGGRESSIVE;
				CLANG_CXX_LANGUAGE_STANDARD = "gnu++20";
				CLANG_ENABLE_MODULES = YES;
				CLANG_ENABLE_OBJC_ARC = YES;
				CLANG_ENABLE_OBJC_WEAK = YES;
				CLANG_WARN_BLOCK_CAPTURE_AUTORELEASING = YES;
				CLANG_WARN_BOOL_CONVERSION = YES;
				CLANG_WARN_COMMA = YES;
				CLANG_WARN_CONSTANT_CONVERSION = YES;
				CLANG_WARN_DEPRECATED_OBJC_IMPLEMENTATIONS = YES;
				CLANG_WARN_DIRECT_OBJC_ISA_USAGE = YES_ERROR;
				CLANG_WARN_DOCUMENTATION_COMMENTS = YES;
				CLANG_WARN_EMPTY_BODY = YES;
				CLANG_WARN_ENUM_CONVERSION = YES;
				CLANG_WARN_INFINITE_RECURSION = YES;
				CLANG_WARN_INT_CONVERSION = YES;
				CLANG_WARN_NON_LITERAL_NULL_CONVERSION = YES;
				CLANG_WARN_OBJC_IMPLICIT_RETAIN_SELF = YES;
				CLANG_WARN_OBJC_LITERAL_CONVERSION = YES;
				CLANG_WARN_OBJC_ROOT_CLASS = YES_ERROR;
				CLANG_WARN_QUOTED_INCLUDE_IN_FRAMEWORK_HEADER = YES;
				CLANG_WARN_RANGE_LOOP_ANALYSIS = YES;
				CLANG_WARN_STRICT_PROTOTYPES = YES;
				CLANG_WARN_SUSPICIOUS_MOVE = YES;
				CLANG_WARN_UNGUARDED_AVAILABILITY = YES_AGGRESSIVE;
				CLANG_WARN_UNREACHABLE_CODE = YES;
				CLANG_WARN__DUPLICATE_METHOD_MATCH = YES;
				COPY_PHASE_STRIP = NO;
				DEBUG_INFORMATION_FORMAT = "dwarf-with-dsym";
				ENABLE_NS_ASSERTIONS = NO;
				ENABLE_STRICT_OBJC_MSGSEND = YES;
				ENABLE_USER_SCRIPT_SANDBOXING = YES;
				GCC_C_LANGUAGE_STANDARD = gnu17;
				GCC_NO_COMMON_BLOCKS = YES;
				GCC_WARN_64_TO_32_BIT_CONVERSION = YES;
				GCC_WARN_ABOUT_RETURN_TYPE = YES_ERROR;
				GCC_WARN_UNDECLARED_SELECTOR = YES;
				GCC_WARN_UNINITIALIZED_AUTOS = YES_AGGRESSIVE;
				GCC_WARN_UNUSED_FUNCTION = YES;
				GCC_WARN_UNUSED_VARIABLE = YES;
				IPHONEOS_DEPLOYMENT_TARGET = 18.2;
				LOCALIZATION_PREFERS_STRING_CATALOGS = YES;
				MTL_ENABLE_DEBUG_INFO = NO;
				MTL_FAST_MATH = YES;
				SDKROOT = iphoneos;
				SWIFT_COMPILATION_MODE = wholemodule;
				VALIDATE_PRODUCT = YES;
			};
			name = Release;
		};
		EF79CE3E2D4AC4BF0073BFE4 /* Debug */ = {
			isa = XCBuildConfiguration;
			buildSettings = {
				ASSETCATALOG_COMPILER_APPICON_NAME = AppIcon;
				ASSETCATALOG_COMPILER_GLOBAL_ACCENT_COLOR_NAME = AccentColor;
				CODE_SIGN_STYLE = Automatic;
				CURRENT_PROJECT_VERSION = 1;
				DEVELOPMENT_ASSET_PATHS = "\"TapLogger/Preview Content\"";
				DEVELOPMENT_TEAM = 64WRQPRMA9;
				ENABLE_PREVIEWS = YES;
				GENERATE_INFOPLIST_FILE = YES;
				INFOPLIST_KEY_UIApplicationSceneManifest_Generation = YES;
				INFOPLIST_KEY_UIApplicationSupportsIndirectInputEvents = YES;
				INFOPLIST_KEY_UILaunchScreen_Generation = YES;
				INFOPLIST_KEY_UISupportedInterfaceOrientations_iPad = "UIInterfaceOrientationPortrait UIInterfaceOrientationPortraitUpsideDown UIInterfaceOrientationLandscapeLeft UIInterfaceOrientationLandscapeRight";
				INFOPLIST_KEY_UISupportedInterfaceOrientations_iPhone = "UIInterfaceOrientationPortrait UIInterfaceOrientationLandscapeLeft UIInterfaceOrientationLandscapeRight";
				IPHONEOS_DEPLOYMENT_TARGET = 18.1;
				LD_RUNPATH_SEARCH_PATHS = (
					"$(inherited)",
					"@executable_path/Frameworks",
				);
				MARKETING_VERSION = 1.0;
				PRODUCT_BUNDLE_IDENTIFIER = com.mkmbayona.TapLogger;
				PRODUCT_NAME = "$(TARGET_NAME)";
				SWIFT_EMIT_LOC_STRINGS = YES;
				SWIFT_VERSION = 5.0;
				TARGETED_DEVICE_FAMILY = "1,2";
			};
			name = Debug;
		};
		EF79CE3F2D4AC4BF0073BFE4 /* Release */ = {
			isa = XCBuildConfiguration;
			buildSettings = {
				ASSETCATALOG_COMPILER_APPICON_NAME = AppIcon;
				ASSETCATALOG_COMPILER_GLOBAL_ACCENT_COLOR_NAME = AccentColor;
				CODE_SIGN_STYLE = Automatic;
				CURRENT_PROJECT_VERSION = 1;
				DEVELOPMENT_ASSET_PATHS = "\"TapLogger/Preview Content\"";
				DEVELOPMENT_TEAM = 64WRQPRMA9;
				ENABLE_PREVIEWS = YES;
				GENERATE_INFOPLIST_FILE = YES;
				INFOPLIST_KEY_UIApplicationSceneManifest_Generation = YES;
				INFOPLIST_KEY_UIApplicationSupportsIndirectInputEvents = YES;
				INFOPLIST_KEY_UILaunchScreen_Generation = YES;
				INFOPLIST_KEY_UISupportedInterfaceOrientations_iPad = "UIInterfaceOrientationPortrait UIInterfaceOrientationPortraitUpsideDown UIInterfaceOrientationLandscapeLeft UIInterfaceOrientationLandscapeRight";
				INFOPLIST_KEY_UISupportedInterfaceOrientations_iPhone = "UIInterfaceOrientationPortrait UIInterfaceOrientationLandscapeLeft UIInterfaceOrientationLandscapeRight";
				IPHONEOS_DEPLOYMENT_TARGET = 18.1;
				LD_RUNPATH_SEARCH_PATHS = (
					"$(inherited)",
					"@executable_path/Frameworks",
				);
				MARKETING_VERSION = 1.0;
				PRODUCT_BUNDLE_IDENTIFIER = com.mkmbayona.TapLogger;
				PRODUCT_NAME = "$(TARGET_NAME)";
				SWIFT_EMIT_LOC_STRINGS = YES;
				SWIFT_VERSION = 5.0;
				TARGETED_DEVICE_FAMILY = "1,2";
			};
			name = Release;
		};
		EF79CE412D4AC4BF0073BFE4 /* Debug */ = {
			isa = XCBuildConfiguration;
			buildSettings = {
				BUNDLE_LOADER = "$(TEST_HOST)";
				CODE_SIGN_STYLE = Automatic;
				CURRENT_PROJECT_VERSION = 1;
				GENERATE_INFOPLIST_FILE = YES;
				IPHONEOS_DEPLOYMENT_TARGET = 18.2;
				MARKETING_VERSION = 1.0;
				PRODUCT_BUNDLE_IDENTIFIER = com.mkmbayona.TapLoggerTests;
				PRODUCT_NAME = "$(TARGET_NAME)";
				SWIFT_EMIT_LOC_STRINGS = NO;
				SWIFT_VERSION = 5.0;
				TARGETED_DEVICE_FAMILY = "1,2";
				TEST_HOST = "$(BUILT_PRODUCTS_DIR)/TapLogger.app/$(BUNDLE_EXECUTABLE_FOLDER_PATH)/TapLogger";
			};
			name = Debug;
		};
		EF79CE422D4AC4BF0073BFE4 /* Release */ = {
			isa = XCBuildConfiguration;
			buildSettings = {
				BUNDLE_LOADER = "$(TEST_HOST)";
				CODE_SIGN_STYLE = Automatic;
				CURRENT_PROJECT_VERSION = 1;
				GENERATE_INFOPLIST_FILE = YES;
				IPHONEOS_DEPLOYMENT_TARGET = 18.2;
				MARKETING_VERSION = 1.0;
				PRODUCT_BUNDLE_IDENTIFIER = com.mkmbayona.TapLoggerTests;
				PRODUCT_NAME = "$(TARGET_NAME)";
				SWIFT_EMIT_LOC_STRINGS = NO;
				SWIFT_VERSION = 5.0;
				TARGETED_DEVICE_FAMILY = "1,2";
				TEST_HOST = "$(BUILT_PRODUCTS_DIR)/TapLogger.app/$(BUNDLE_EXECUTABLE_FOLDER_PATH)/TapLogger";
			};
			name = Release;
		};
/* End XCBuildConfiguration section */

/* Begin XCConfigurationList section */
		EF79CE142D4AC4BD0073BFE4 /* Build configuration list for PBXProject "TapLogger" */ = {
			isa = XCConfigurationList;
			buildConfigurations = (
				EF79CE3B2D4AC4BF0073BFE4 /* Debug */,
				EF79CE3C2D4AC4BF0073BFE4 /* Release */,
			);
			defaultConfigurationIsVisible = 0;
			defaultConfigurationName = Release;
		};
		EF79CE3D2D4AC4BF0073BFE4 /* Build configuration list for PBXNativeTarget "TapLogger" */ = {
			isa = XCConfigurationList;
			buildConfigurations = (
				EF79CE3E2D4AC4BF0073BFE4 /* Debug */,
				EF79CE3F2D4AC4BF0073BFE4 /* Release */,
			);
			defaultConfigurationIsVisible = 0;
			defaultConfigurationName = Release;
		};
		EF79CE402D4AC4BF0073BFE4 /* Build configuration list for PBXNativeTarget "TapLoggerTests" */ = {
			isa = XCConfigurationList;
			buildConfigurations = (
				EF79CE412D4AC4BF0073BFE4 /* Debug */,
				EF79CE422D4AC4BF0073BFE4 /* Release */,
			);
			defaultConfigurationIsVisible = 0;
			defaultConfigurationName = Release;
		};
/* End XCConfigurationList section */
	};
	rootObject = EF79CE112D4AC4BD0073BFE4 /* Project object */;
}
